
Microsoft Visual Studio Solution File, Format Version 12.00
# Visual Studio Version 17
VisualStudioVersion = 17.9.34723.18
MinimumVisualStudioVersion = 10.0.40219.1
Project("{9A19103F-16F7-4668-BE54-9A1E7A4F7556}") = "Webshop.API", "Webshop.API\Webshop.API.csproj", "{B88B4BE6-7112-4C6E-A1FE-63236AA28698}"
EndProject
Global
	GlobalSection(SolutionConfigurationPlatforms) = preSolution
		Debug|Any CPU = Debug|Any CPU
		Release|Any CPU = Release|Any CPU
	EndGlobalSection
	GlobalSection(ProjectConfigurationPlatforms) = postSolution
		{B88B4BE6-7112-4C6E-A1FE-63236AA28698}.Debug|Any CPU.ActiveCfg = Debug|Any CPU
		{B88B4BE6-7112-4C6E-A1FE-63236AA28698}.Debug|Any CPU.Build.0 = Debug|Any CPU
		{B88B4BE6-7112-4C6E-A1FE-63236AA28698}.Release|Any CPU.ActiveCfg = Release|Any CPU
		{B88B4BE6-7112-4C6E-A1FE-63236AA28698}.Release|Any CPU.Build.0 = Release|Any CPU
	EndGlobalSection
	GlobalSection(SolutionProperties) = preSolution
		HideSolutionNode = FALSE
	EndGlobalSection
	GlobalSection(ExtensibilityGlobals) = postSolution
		SolutionGuid = {CDAAA2C8-91CE-4856-AEA6-4CF261B55316}
	EndGlobalSection
EndGlobal
